
Microsoft Visual Studio Solution File, Format Version 12.00
# Visual Studio Version 16
VisualStudioVersion = 16.0.33130.400
MinimumVisualStudioVersion = 10.0.40219.1
Project("{FAE04EC0-301F-11D3-BF4B-00C04F79EFBC}") = "WinFormsApp1", "WinFormsApp1\WinFormsApp1.csproj", "{9B644441-F491-49FA-99A3-1286BA4B373B}"
EndProject
Global
	GlobalSection(SolutionConfigurationPlatforms) = preSolution
		Debug|Any CPU = Debug|Any CPU
		Release|Any CPU = Release|Any CPU
	EndGlobalSection
	GlobalSection(ProjectConfigurationPlatforms) = postSolution
		{9B644441-F491-49FA-99A3-1286BA4B373B}.Debug|Any CPU.ActiveCfg = Debug|Any CPU
		{9B644441-F491-49FA-99A3-1286BA4B373B}.Debug|Any CPU.Build.0 = Debug|Any CPU
		{9B644441-F491-49FA-99A3-1286BA4B373B}.Release|Any CPU.ActiveCfg = Release|Any CPU
		{9B644441-F491-49FA-99A3-1286BA4B373B}.Release|Any CPU.Build.0 = Release|Any CPU
	EndGlobalSection
	GlobalSection(SolutionProperties) = preSolution
		HideSolutionNode = FALSE
	EndGlobalSection
	GlobalSection(ExtensibilityGlobals) = postSolution
		SolutionGuid = {4E97CED4-34ED-450D-AFF0-A44F8D3AA615}
	EndGlobalSection
EndGlobal
